
Microsoft Visual Studio Solution File, Format Version 12.00
# Visual Studio Version 16
VisualStudioVersion = 16.0.33529.622
MinimumVisualStudioVersion = 10.0.40219.1
Project("{FAE04EC0-301F-11D3-BF4B-00C04F79EFBC}") = "SalesWebMvc", "SalesWebMvc\SalesWebMvc.csproj", "{CA1AB4ED-9A47-4656-8E2E-3CF439800128}"
EndProject
Global
	GlobalSection(SolutionConfigurationPlatforms) = preSolution
		Debug|Any CPU = Debug|Any CPU
		Release|Any CPU = Release|Any CPU
	EndGlobalSection
	GlobalSection(ProjectConfigurationPlatforms) = postSolution
		{CA1AB4ED-9A47-4656-8E2E-3CF439800128}.Debug|Any CPU.ActiveCfg = Debug|Any CPU
		{CA1AB4ED-9A47-4656-8E2E-3CF439800128}.Debug|Any CPU.Build.0 = Debug|Any CPU
		{CA1AB4ED-9A47-4656-8E2E-3CF439800128}.Release|Any CPU.ActiveCfg = Release|Any CPU
		{CA1AB4ED-9A47-4656-8E2E-3CF439800128}.Release|Any CPU.Build.0 = Release|Any CPU
	EndGlobalSection
	GlobalSection(SolutionProperties) = preSolution
		HideSolutionNode = FALSE
	EndGlobalSection
	GlobalSection(ExtensibilityGlobals) = postSolution
		SolutionGuid = {643B8189-1DE4-4CB8-AF08-53C15AA78454}
	EndGlobalSection
EndGlobal
